
Microsoft Visual Studio Solution File, Format Version 10.00
# Visual C++ Express 2008
Project("{8BC9CEB8-8B4A-11D0-8D11-00A0C91BC942}") = "LSys", "LSys.vcproj", "{97900F16-7D7A-4EE0-83D1-999919094BE7}"
EndProject
Global
	GlobalSection(SolutionConfigurationPlatforms) = preSolution
		Debug|Win32 = Debug|Win32
		Release|Win32 = Release|Win32
	EndGlobalSection
	GlobalSection(ProjectConfigurationPlatforms) = postSolution
		{97900F16-7D7A-4EE0-83D1-999919094BE7}.Debug|Win32.ActiveCfg = Debug|Win32
		{97900F16-7D7A-4EE0-83D1-999919094BE7}.Debug|Win32.Build.0 = Debug|Win32
		{97900F16-7D7A-4EE0-83D1-999919094BE7}.Release|Win32.ActiveCfg = Release|Win32
		{97900F16-7D7A-4EE0-83D1-999919094BE7}.Release|Win32.Build.0 = Release|Win32
	EndGlobalSection
	GlobalSection(SolutionProperties) = preSolution
		HideSolutionNode = FALSE
	EndGlobalSection
EndGlobal
